// !$*UTF8*$!
{
	archiveVersion = 1;
	classes = {
	};
	objectVersion = 46;
	objects = {

/* Begin PBXBuildFile section */
		3F0F1CF21CB2B71D00567914 /* MLMovingGround.swift in Sources */ = {isa = PBXBuildFile; fileRef = 3F0F1CF11CB2B71D00567914 /* MLMovingGround.swift */; };
		3F1177011CAD8A2700E6E5D7 /* AppDelegate.swift in Sources */ = {isa = PBXBuildFile; fileRef = 3F1177001CAD8A2700E6E5D7 /* AppDelegate.swift */; };
		3F1177051CAD8A2700E6E5D7 /* GameScene.swift in Sources */ = {isa = PBXBuildFile; fileRef = 3F1177041CAD8A2700E6E5D7 /* GameScene.swift */; };
		3F1177071CAD8A2700E6E5D7 /* GameViewController.swift in Sources */ = {isa = PBXBuildFile; fileRef = 3F1177061CAD8A2700E6E5D7 /* GameViewController.swift */; };
		3F11770A1CAD8A2700E6E5D7 /* Main.storyboard in Resources */ = {isa = PBXBuildFile; fileRef = 3F1177081CAD8A2700E6E5D7 /* Main.storyboard */; };
		3F11770C1CAD8A2700E6E5D7 /* Assets.xcassets in Resources */ = {isa = PBXBuildFile; fileRef = 3F11770B1CAD8A2700E6E5D7 /* Assets.xcassets */; };
		3F11770F1CAD8A2700E6E5D7 /* LaunchScreen.storyboard in Resources */ = {isa = PBXBuildFile; fileRef = 3F11770D1CAD8A2700E6E5D7 /* LaunchScreen.storyboard */; };
		3F11771A1CAD8A2700E6E5D7 /* CrossoverTests.swift in Sources */ = {isa = PBXBuildFile; fileRef = 3F1177191CAD8A2700E6E5D7 /* CrossoverTests.swift */; };
		3F1177251CAD8A2700E6E5D7 /* CrossoverUITests.swift in Sources */ = {isa = PBXBuildFile; fileRef = 3F1177241CAD8A2700E6E5D7 /* CrossoverUITests.swift */; };
		3F15C2201CC1518D004589BA /* backgroundSong in Resources */ = {isa = PBXBuildFile; fileRef = 3F15C21F1CC1518D004589BA /* backgroundSong */; };
/* End PBXBuildFile section */

/* Begin PBXContainerItemProxy section */
		3F1177161CAD8A2700E6E5D7 /* PBXContainerItemProxy */ = {
			isa = PBXContainerItemProxy;
			containerPortal = 3F1176F51CAD8A2700E6E5D7 /* Project object */;
			proxyType = 1;
			remoteGlobalIDString = 3F1176FC1CAD8A2700E6E5D7;
			remoteInfo = Crossover;
		};
		3F1177211CAD8A2700E6E5D7 /* PBXContainerItemProxy */ = {
			isa = PBXContainerItemProxy;
			containerPortal = 3F1176F51CAD8A2700E6E5D7 /* Project object */;
			proxyType = 1;
			remoteGlobalIDString = 3F1176FC1CAD8A2700E6E5D7;
			remoteInfo = Crossover;
		};
/* End PBXContainerItemProxy section */

/* Begin PBXFileReference section */
		3F0F1CF11CB2B71D00567914 /* MLMovingGround.swift */ = {isa = PBXFileReference; fileEncoding = 4; lastKnownFileType = sourcecode.swift; path = MLMovingGround.swift; sourceTree = "<group>"; };
		3F1176FD1CAD8A2700E6E5D7 /* Crossover.app */ = {isa = PBXFileReference; explicitFileType = wrapper.application; includeInIndex = 0; path = Crossover.app; sourceTree = BUILT_PRODUCTS_DIR; };
		3F1177001CAD8A2700E6E5D7 /* AppDelegate.swift */ = {isa = PBXFileReference; lastKnownFileType = sourcecode.swift; path = AppDelegate.swift; sourceTree = "<group>"; };
		3F1177041CAD8A2700E6E5D7 /* GameScene.swift */ = {isa = PBXFileReference; lastKnownFileType = sourcecode.swift; path = GameScene.swift; sourceTree = "<group>"; };
		3F1177061CAD8A2700E6E5D7 /* GameViewController.swift */ = {isa = PBXFileReference; lastKnownFileType = sourcecode.swift; path = GameViewController.swift; sourceTree = "<group>"; };
		3F1177091CAD8A2700E6E5D7 /* Base */ = {isa = PBXFileReference; lastKnownFileType = file.storyboard; name = Base; path = Base.lproj/Main.storyboard; sourceTree = "<group>"; };
		3F11770B1CAD8A2700E6E5D7 /* Assets.xcassets */ = {isa = PBXFileReference; lastKnownFileType = folder.assetcatalog; path = Assets.xcassets; sourceTree = "<group>"; };
		3F11770E1CAD8A2700E6E5D7 /* Base */ = {isa = PBXFileReference; lastKnownFileType = file.storyboard; name = Base; path = Base.lproj/LaunchScreen.storyboard; sourceTree = "<group>"; };
		3F1177101CAD8A2700E6E5D7 /* Info.plist */ = {isa = PBXFileReference; lastKnownFileType = text.plist.xml; path = Info.plist; sourceTree = "<group>"; };
		3F1177151CAD8A2700E6E5D7 /* CrossoverTests.xctest */ = {isa = PBXFileReference; explicitFileType = wrapper.cfbundle; includeInIndex = 0; path = CrossoverTests.xctest; sourceTree = BUILT_PRODUCTS_DIR; };
		3F1177191CAD8A2700E6E5D7 /* CrossoverTests.swift */ = {isa = PBXFileReference; lastKnownFileType = sourcecode.swift; path = CrossoverTests.swift; sourceTree = "<group>"; };
		3F11771B1CAD8A2700E6E5D7 /* Info.plist */ = {isa = PBXFileReference; lastKnownFileType = text.plist.xml; path = Info.plist; sourceTree = "<group>"; };
		3F1177201CAD8A2700E6E5D7 /* CrossoverUITests.xctest */ = {isa = PBXFileReference; explicitFileType = wrapper.cfbundle; includeInIndex = 0; path = CrossoverUITests.xctest; sourceTree = BUILT_PRODUCTS_DIR; };
		3F1177241CAD8A2700E6E5D7 /* CrossoverUITests.swift */ = {isa = PBXFileReference; lastKnownFileType = sourcecode.swift; path = CrossoverUITests.swift; sourceTree = "<group>"; };
		3F1177261CAD8A2700E6E5D7 /* Info.plist */ = {isa = PBXFileReference; lastKnownFileType = text.plist.xml; path = Info.plist; sourceTree = "<group>"; };
		3F15C21F1CC1518D004589BA /* backgroundSong */ = {isa = PBXFileReference; lastKnownFileType = file; path = backgroundSong; sourceTree = "<group>"; };
/* End PBXFileReference section */

/* Begin PBXFrameworksBuildPhase section */
		3F1176FA1CAD8A2700E6E5D7 /* Frameworks */ = {
			isa = PBXFrameworksBuildPhase;
			buildActionMask = 2147483647;
			files = (
			);
			runOnlyForDeploymentPostprocessing = 0;
		};
		3F1177121CAD8A2700E6E5D7 /* Frameworks */ = {
			isa = PBXFrameworksBuildPhase;
			buildActionMask = 2147483647;
			files = (
			);
			runOnlyForDeploymentPostprocessing = 0;
		};
		3F11771D1CAD8A2700E6E5D7 /* Frameworks */ = {
			isa = PBXFrameworksBuildPhase;
			buildActionMask = 2147483647;
			files = (
			);
			runOnlyForDeploymentPostprocessing = 0;
		};
/* End PBXFrameworksBuildPhase section */

/* Begin PBXGroup section */
		3F1176F41CAD8A2700E6E5D7 = {
			isa = PBXGroup;
			children = (
				3F15C21F1CC1518D004589BA /* backgroundSong */,
				3F1176FF1CAD8A2700E6E5D7 /* Crossover */,
				3F1177181CAD8A2700E6E5D7 /* CrossoverTests */,
				3F1177231CAD8A2700E6E5D7 /* CrossoverUITests */,
				3F1176FE1CAD8A2700E6E5D7 /* Products */,
			);
			sourceTree = "<group>";
		};
		3F1176FE1CAD8A2700E6E5D7 /* Products */ = {
			isa = PBXGroup;
			children = (
				3F1176FD1CAD8A2700E6E5D7 /* Crossover.app */,
				3F1177151CAD8A2700E6E5D7 /* CrossoverTests.xctest */,
				3F1177201CAD8A2700E6E5D7 /* CrossoverUITests.xctest */,
			);
			name = Products;
			sourceTree = "<group>";
		};
		3F1176FF1CAD8A2700E6E5D7 /* Crossover */ = {
			isa = PBXGroup;
			children = (
				3F1177001CAD8A2700E6E5D7 /* AppDelegate.swift */,
				3F1177041CAD8A2700E6E5D7 /* GameScene.swift */,
				3F0F1CF11CB2B71D00567914 /* MLMovingGround.swift */,
				3F1177061CAD8A2700E6E5D7 /* GameViewController.swift */,
				3F1177081CAD8A2700E6E5D7 /* Main.storyboard */,
				3F11770B1CAD8A2700E6E5D7 /* Assets.xcassets */,
				3F11770D1CAD8A2700E6E5D7 /* LaunchScreen.storyboard */,
				3F1177101CAD8A2700E6E5D7 /* Info.plist */,
			);
			path = Crossover;
			sourceTree = "<group>";
		};
		3F1177181CAD8A2700E6E5D7 /* CrossoverTests */ = {
			isa = PBXGroup;
			children = (
				3F1177191CAD8A2700E6E5D7 /* CrossoverTests.swift */,
				3F11771B1CAD8A2700E6E5D7 /* Info.plist */,
			);
			path = CrossoverTests;
			sourceTree = "<group>";
		};
		3F1177231CAD8A2700E6E5D7 /* CrossoverUITests */ = {
			isa = PBXGroup;
			children = (
				3F1177241CAD8A2700E6E5D7 /* CrossoverUITests.swift */,
				3F1177261CAD8A2700E6E5D7 /* Info.plist */,
			);
			path = CrossoverUITests;
			sourceTree = "<group>";
		};
/* End PBXGroup section */

/* Begin PBXNativeTarget section */
		3F1176FC1CAD8A2700E6E5D7 /* Crossover */ = {
			isa = PBXNativeTarget;
			buildConfigurationList = 3F1177291CAD8A2700E6E5D7 /* Build configuration list for PBXNativeTarget "Crossover" */;
			buildPhases = (
				3F1176F91CAD8A2700E6E5D7 /* Sources */,
				3F1176FA1CAD8A2700E6E5D7 /* Frameworks */,
				3F1176FB1CAD8A2700E6E5D7 /* Resources */,
			);
			buildRules = (
			);
			dependencies = (
			);
			name = Crossover;
			productName = Crossover;
			productReference = 3F1176FD1CAD8A2700E6E5D7 /* Crossover.app */;
			productType = "com.apple.product-type.application";
		};
		3F1177141CAD8A2700E6E5D7 /* CrossoverTests */ = {
			isa = PBXNativeTarget;
			buildConfigurationList = 3F11772C1CAD8A2700E6E5D7 /* Build configuration list for PBXNativeTarget "CrossoverTests" */;
			buildPhases = (
				3F1177111CAD8A2700E6E5D7 /* Sources */,
				3F1177121CAD8A2700E6E5D7 /* Frameworks */,
				3F1177131CAD8A2700E6E5D7 /* Resources */,
			);
			buildRules = (
			);
			dependencies = (
				3F1177171CAD8A2700E6E5D7 /* PBXTargetDependency */,
			);
			name = CrossoverTests;
			productName = CrossoverTests;
			productReference = 3F1177151CAD8A2700E6E5D7 /* CrossoverTests.xctest */;
			productType = "com.apple.product-type.bundle.unit-test";
		};
		3F11771F1CAD8A2700E6E5D7 /* CrossoverUITests */ = {
			isa = PBXNativeTarget;
			buildConfigurationList = 3F11772F1CAD8A2700E6E5D7 /* Build configuration list for PBXNativeTarget "CrossoverUITests" */;
			buildPhases = (
				3F11771C1CAD8A2700E6E5D7 /* Sources */,
				3F11771D1CAD8A2700E6E5D7 /* Frameworks */,
				3F11771E1CAD8A2700E6E5D7 /* Resources */,
			);
			buildRules = (
			);
			dependencies = (
				3F1177221CAD8A2700E6E5D7 /* PBXTargetDependency */,
			);
			name = CrossoverUITests;
			productName = CrossoverUITests;
			productReference = 3F1177201CAD8A2700E6E5D7 /* CrossoverUITests.xctest */;
			productType = "com.apple.product-type.bundle.ui-testing";
		};
/* End PBXNativeTarget section */

/* Begin PBXProject section */
		3F1176F51CAD8A2700E6E5D7 /* Project object */ = {
			isa = PBXProject;
			attributes = {
				LastSwiftUpdateCheck = 0720;
				LastUpgradeCheck = 0720;
				ORGANIZATIONNAME = plumovic;
				TargetAttributes = {
					3F1176FC1CAD8A2700E6E5D7 = {
						CreatedOnToolsVersion = 7.2.1;
					};
					3F1177141CAD8A2700E6E5D7 = {
						CreatedOnToolsVersion = 7.2.1;
						TestTargetID = 3F1176FC1CAD8A2700E6E5D7;
					};
					3F11771F1CAD8A2700E6E5D7 = {
						CreatedOnToolsVersion = 7.2.1;
						TestTargetID = 3F1176FC1CAD8A2700E6E5D7;
					};
				};
			};
			buildConfigurationList = 3F1176F81CAD8A2700E6E5D7 /* Build configuration list for PBXProject "Crossover" */;
			compatibilityVersion = "Xcode 3.2";
			developmentRegion = English;
			hasScannedForEncodings = 0;
			knownRegions = (
				en,
				Base,
			);
			mainGroup = 3F1176F41CAD8A2700E6E5D7;
			productRefGroup = 3F1176FE1CAD8A2700E6E5D7 /* Products */;
			projectDirPath = "";
			projectRoot = "";
			targets = (
				3F1176FC1CAD8A2700E6E5D7 /* Crossover */,
				3F1177141CAD8A2700E6E5D7 /* CrossoverTests */,
				3F11771F1CAD8A2700E6E5D7 /* CrossoverUITests */,
			);
		};
/* End PBXProject section */

/* Begin PBXResourcesBuildPhase section */
		3F1176FB1CAD8A2700E6E5D7 /* Resources */ = {
			isa = PBXResourcesBuildPhase;
			buildActionMask = 2147483647;
			files = (
				3F15C2201CC1518D004589BA /* backgroundSong in Resources */,
				3F11770F1CAD8A2700E6E5D7 /* LaunchScreen.storyboard in Resources */,
				3F11770C1CAD8A2700E6E5D7 /* Assets.xcassets in Resources */,
				3F11770A1CAD8A2700E6E5D7 /* Main.storyboard in Resources */,
			);
			runOnlyForDeploymentPostprocessing = 0;
		};
		3F1177131CAD8A2700E6E5D7 /* Resources */ = {
			isa = PBXResourcesBuildPhase;
			buildActionMask = 2147483647;
			files = (
			);
			runOnlyForDeploymentPostprocessing = 0;
		};
		3F11771E1CAD8A2700E6E5D7 /* Resources */ = {
			isa = PBXResourcesBuildPhase;
			buildActionMask = 2147483647;
			files = (
			);
			runOnlyForDeploymentPostprocessing = 0;
		};
/* End PBXResourcesBuildPhase section */

/* Begin PBXSourcesBuildPhase section */
		3F1176F91CAD8A2700E6E5D7 /* Sources */ = {
			isa = PBXSourcesBuildPhase;
			buildActionMask = 2147483647;
			files = (
				3F1177051CAD8A2700E6E5D7 /* GameScene.swift in Sources */,
				3F1177071CAD8A2700E6E5D7 /* GameViewController.swift in Sources */,
				3F1177011CAD8A2700E6E5D7 /* AppDelegate.swift in Sources */,
				3F0F1CF21CB2B71D00567914 /* MLMovingGround.swift in Sources */,
			);
			runOnlyForDeploymentPostprocessing = 0;
		};
		3F1177111CAD8A2700E6E5D7 /* Sources */ = {
			isa = PBXSourcesBuildPhase;
			buildActionMask = 2147483647;
			files = (
				3F11771A1CAD8A2700E6E5D7 /* CrossoverTests.swift in Sources */,
			);
			runOnlyForDeploymentPostprocessing = 0;
		};
		3F11771C1CAD8A2700E6E5D7 /* Sources */ = {
			isa = PBXSourcesBuildPhase;
			buildActionMask = 2147483647;
			files = (
				3F1177251CAD8A2700E6E5D7 /* CrossoverUITests.swift in Sources */,
			);
			runOnlyForDeploymentPostprocessing = 0;
		};
/* End PBXSourcesBuildPhase section */

/* Begin PBXTargetDependency section */
		3F1177171CAD8A2700E6E5D7 /* PBXTargetDependency */ = {
			isa = PBXTargetDependency;
			target = 3F1176FC1CAD8A2700E6E5D7 /* Crossover */;
			targetProxy = 3F1177161CAD8A2700E6E5D7 /* PBXContainerItemProxy */;
		};
		3F1177221CAD8A2700E6E5D7 /* PBXTargetDependency */ = {
			isa = PBXTargetDependency;
			target = 3F1176FC1CAD8A2700E6E5D7 /* Crossover */;
			targetProxy = 3F1177211CAD8A2700E6E5D7 /* PBXContainerItemProxy */;
		};
/* End PBXTargetDependency section */

/* Begin PBXVariantGroup section */
		3F1177081CAD8A2700E6E5D7 /* Main.storyboard */ = {
			isa = PBXVariantGroup;
			children = (
				3F1177091CAD8A2700E6E5D7 /* Base */,
			);
			name = Main.storyboard;
			sourceTree = "<group>";
		};
		3F11770D1CAD8A2700E6E5D7 /* LaunchScreen.storyboard */ = {
			isa = PBXVariantGroup;
			children = (
				3F11770E1CAD8A2700E6E5D7 /* Base */,
			);
			name = LaunchScreen.storyboard;
			sourceTree = "<group>";
		};
/* End PBXVariantGroup section */

/* Begin XCBuildConfiguration section */
		3F1177271CAD8A2700E6E5D7 /* Debug */ = {
			isa = XCBuildConfiguration;
			buildSettings = {
				ALWAYS_SEARCH_USER_PATHS = NO;
				CLANG_CXX_LANGUAGE_STANDARD = "gnu++0x";
				CLANG_CXX_LIBRARY = "libc++";
				CLANG_ENABLE_MODULES = YES;
				CLANG_ENABLE_OBJC_ARC = YES;
				CLANG_WARN_BOOL_CONVERSION = YES;
				CLANG_WARN_CONSTANT_CONVERSION = YES;
				CLANG_WARN_DIRECT_OBJC_ISA_USAGE = YES_ERROR;
				CLANG_WARN_EMPTY_BODY = YES;
				CLANG_WARN_ENUM_CONVERSION = YES;
				CLANG_WARN_INT_CONVERSION = YES;
				CLANG_WARN_OBJC_ROOT_CLASS = YES_ERROR;
				CLANG_WARN_UNREACHABLE_CODE = YES;
				CLANG_WARN__DUPLICATE_METHOD_MATCH = YES;
				"CODE_SIGN_IDENTITY[sdk=iphoneos*]" = "iPhone Developer";
				COPY_PHASE_STRIP = NO;
				DEBUG_INFORMATION_FORMAT = "dwarf-with-dsym";
				ENABLE_STRICT_OBJC_MSGSEND = YES;
				ENABLE_TESTABILITY = YES;
				GCC_C_LANGUAGE_STANDARD = gnu99;
				GCC_DYNAMIC_NO_PIC = NO;
				GCC_NO_COMMON_BLOCKS = YES;
				GCC_OPTIMIZATION_LEVEL = 0;
				GCC_PREPROCESSOR_DEFINITIONS = (
					"DEBUG=1",
					"$(inherited)",
				);
				GCC_WARN_64_TO_32_BIT_CONVERSION = YES;
				GCC_WARN_ABOUT_RETURN_TYPE = YES_ERROR;
				GCC_WARN_UNDECLARED_SELECTOR = YES;
				GCC_WARN_UNINITIALIZED_AUTOS = YES_AGGRESSIVE;
				GCC_WARN_UNUSED_FUNCTION = YES;
				GCC_WARN_UNUSED_VARIABLE = YES;
				IPHONEOS_DEPLOYMENT_TARGET = 9.2;
				MTL_ENABLE_DEBUG_INFO = YES;
				ONLY_ACTIVE_ARCH = YES;
				SDKROOT = iphoneos;
				SWIFT_OPTIMIZATION_LEVEL = "-Onone";
			};
			name = Debug;
		};
		3F1177281CAD8A2700E6E5D7 /* Release */ = {
			isa = XCBuildConfiguration;
			buildSettings = {
				ALWAYS_SEARCH_USER_PATHS = NO;
				CLANG_CXX_LANGUAGE_STANDARD = "gnu++0x";
				CLANG_CXX_LIBRARY = "libc++";
				CLANG_ENABLE_MODULES = YES;
				CLANG_ENABLE_OBJC_ARC = YES;
				CLANG_WARN_BOOL_CONVERSION = YES;
				CLANG_WARN_CONSTANT_CONVERSION = YES;
				CLANG_WARN_DIRECT_OBJC_ISA_USAGE = YES_ERROR;
				CLANG_WARN_EMPTY_BODY = YES;
				CLANG_WARN_ENUM_CONVERSION = YES;
				CLANG_WARN_INT_CONVERSION = YES;
				CLANG_WARN_OBJC_ROOT_CLASS = YES_ERROR;
				CLANG_WARN_UNREACHABLE_CODE = YES;
				CLANG_WARN__DUPLICATE_METHOD_MATCH = YES;
				"CODE_SIGN_IDENTITY[sdk=iphoneos*]" = "iPhone Developer";
				COPY_PHASE_STRIP = NO;
				DEBUG_INFORMATION_FORMAT = "dwarf-with-dsym";
				ENABLE_NS_ASSERTIONS = NO;
				ENABLE_STRICT_OBJC_MSGSEND = YES;
				GCC_C_LANGUAGE_STANDARD = gnu99;
				GCC_NO_COMMON_BLOCKS = YES;
				GCC_WARN_64_TO_32_BIT_CONVERSION = YES;
				GCC_WARN_ABOUT_RETURN_TYPE = YES_ERROR;
				GCC_WARN_UNDECLARED_SELECTOR = YES;
				GCC_WARN_UNINITIALIZED_AUTOS = YES_AGGRESSIVE;
				GCC_WARN_UNUSED_FUNCTION = YES;
				GCC_WARN_UNUSED_VARIABLE = YES;
				IPHONEOS_DEPLOYMENT_TARGET = 9.2;
				MTL_ENABLE_DEBUG_INFO = NO;
				SDKROOT = iphoneos;
				VALIDATE_PRODUCT = YES;
			};
			name = Release;
		};
		3F11772A1CAD8A2700E6E5D7 /* Debug */ = {
			isa = XCBuildConfiguration;
			buildSettings = {
				ASSETCATALOG_COMPILER_APPICON_NAME = AppIcon;
				INFOPLIST_FILE = Crossover/Info.plist;
				LD_RUNPATH_SEARCH_PATHS = "$(inherited) @executable_path/Frameworks";
				PRODUCT_BUNDLE_IDENTIFIER = Lumovic.Crossover;
				PRODUCT_NAME = "$(TARGET_NAME)";
			};
			name = Debug;
		};
		3F11772B1CAD8A2700E6E5D7 /* Release */ = {
			isa = XCBuildConfiguration;
			buildSettings = {
				ASSETCATALOG_COMPILER_APPICON_NAME = AppIcon;
				INFOPLIST_FILE = Crossover/Info.plist;
				LD_RUNPATH_SEARCH_PATHS = "$(inherited) @executable_path/Frameworks";
				PRODUCT_BUNDLE_IDENTIFIER = Lumovic.Crossover;
				PRODUCT_NAME = "$(TARGET_NAME)";
			};
			name = Release;
		};
		3F11772D1CAD8A2700E6E5D7 /* Debug */ = {
			isa = XCBuildConfiguration;
			buildSettings = {
				BUNDLE_LOADER = "$(TEST_HOST)";
				DEBUG_INFORMATION_FORMAT = dwarf;
				INFOPLIST_FILE = CrossoverTests/Info.plist;
				LD_RUNPATH_SEARCH_PATHS = "$(inherited) @executable_path/Frameworks @loader_path/Frameworks";
				PRODUCT_BUNDLE_IDENTIFIER = Lumovic.CrossoverTests;
				PRODUCT_NAME = "$(TARGET_NAME)";
				TEST_HOST = "$(BUILT_PRODUCTS_DIR)/Crossover.app/Crossover";
			};
			name = Debug;
		};
		3F11772E1CAD8A2700E6E5D7 /* Release */ = {
			isa = XCBuildConfiguration;
			buildSettings = {
				BUNDLE_LOADER = "$(TEST_HOST)";
				INFOPLIST_FILE = CrossoverTests/Info.plist;
				LD_RUNPATH_SEARCH_PATHS = "$(inherited) @executable_path/Frameworks @loader_path/Frameworks";
				PRODUCT_BUNDLE_IDENTIFIER = Lumovic.CrossoverTests;
				PRODUCT_NAME = "$(TARGET_NAME)";
				TEST_HOST = "$(BUILT_PRODUCTS_DIR)/Crossover.app/Crossover";
			};
			name = Release;
		};
		3F1177301CAD8A2700E6E5D7 /* Debug */ = {
			isa = XCBuildConfiguration;
			buildSettings = {
				DEBUG_INFORMATION_FORMAT = dwarf;
				INFOPLIST_FILE = CrossoverUITests/Info.plist;
				LD_RUNPATH_SEARCH_PATHS = "$(inherited) @executable_path/Frameworks @loader_path/Frameworks";
				PRODUCT_BUNDLE_IDENTIFIER = Lumovic.CrossoverUITests;
				PRODUCT_NAME = "$(TARGET_NAME)";
				TEST_TARGET_NAME = Crossover;
				USES_XCTRUNNER = YES;
			};
			name = Debug;
		};
		3F1177311CAD8A2700E6E5D7 /* Release */ = {
			isa = XCBuildConfiguration;
			buildSettings = {
				INFOPLIST_FILE = CrossoverUITests/Info.plist;
				LD_RUNPATH_SEARCH_PATHS = "$(inherited) @executable_path/Frameworks @loader_path/Frameworks";
				PRODUCT_BUNDLE_IDENTIFIER = Lumovic.CrossoverUITests;
				PRODUCT_NAME = "$(TARGET_NAME)";
				TEST_TARGET_NAME = Crossover;
				USES_XCTRUNNER = YES;
			};
			name = Release;
		};
/* End XCBuildConfiguration section */

/* Begin XCConfigurationList section */
		3F1176F81CAD8A2700E6E5D7 /* Build configuration list for PBXProject "Crossover" */ = {
			isa = XCConfigurationList;
			buildConfigurations = (
				3F1177271CAD8A2700E6E5D7 /* Debug */,
				3F1177281CAD8A2700E6E5D7 /* Release */,
			);
			defaultConfigurationIsVisible = 0;
			defaultConfigurationName = Release;
		};
		3F1177291CAD8A2700E6E5D7 /* Build configuration list for PBXNativeTarget "Crossover" */ = {
			isa = XCConfigurationList;
			buildConfigurations = (
				3F11772A1CAD8A2700E6E5D7 /* Debug */,
				3F11772B1CAD8A2700E6E5D7 /* Release */,
			);
			defaultConfigurationIsVisible = 0;
			defaultConfigurationName = Release;
		};
		3F11772C1CAD8A2700E6E5D7 /* Build configuration list for PBXNativeTarget "CrossoverTests" */ = {
			isa = XCConfigurationList;
			buildConfigurations = (
				3F11772D1CAD8A2700E6E5D7 /* Debug */,
				3F11772E1CAD8A2700E6E5D7 /* Release */,
			);
			defaultConfigurationIsVisible = 0;
			defaultConfigurationName = Release;
		};
		3F11772F1CAD8A2700E6E5D7 /* Build configuration list for PBXNativeTarget "CrossoverUITests" */ = {
			isa = XCConfigurationList;
			buildConfigurations = (
				3F1177301CAD8A2700E6E5D7 /* Debug */,
				3F1177311CAD8A2700E6E5D7 /* Release */,
			);
			defaultConfigurationIsVisible = 0;
			defaultConfigurationName = Release;
		};
/* End XCConfigurationList section */
	};
	rootObject = 3F1176F51CAD8A2700E6E5D7 /* Project object */;
}
